
Microsoft Visual Studio Solution File, Format Version 12.00
# Visual Studio Version 16
VisualStudioVersion = 16.0.31129.286
MinimumVisualStudioVersion = 10.0.40219.1
Project("{9A19103F-16F7-4668-BE54-9A1E7A4F7556}") = "SWAE", "POTBAG\SWAE.csproj", "{410CD87D-8F77-41CD-8648-0DDBBD71A63C}"
EndProject
Project("{FAE04EC0-301F-11D3-BF4B-00C04F79EFBC}") = "SWAEUnit", "SWAEUnit\SWAEUnit.csproj", "{72A62890-9738-4964-8465-20313D4D2530}"
EndProject
Global
	GlobalSection(SolutionConfigurationPlatforms) = preSolution
		Debug|Any CPU = Debug|Any CPU
		Release|Any CPU = Release|Any CPU
	EndGlobalSection
	GlobalSection(ProjectConfigurationPlatforms) = postSolution
		{410CD87D-8F77-41CD-8648-0DDBBD71A63C}.Debug|Any CPU.ActiveCfg = Debug|Any CPU
		{410CD87D-8F77-41CD-8648-0DDBBD71A63C}.Debug|Any CPU.Build.0 = Debug|Any CPU
		{410CD87D-8F77-41CD-8648-0DDBBD71A63C}.Release|Any CPU.ActiveCfg = Release|Any CPU
		{410CD87D-8F77-41CD-8648-0DDBBD71A63C}.Release|Any CPU.Build.0 = Release|Any CPU
		{72A62890-9738-4964-8465-20313D4D2530}.Debug|Any CPU.ActiveCfg = Debug|Any CPU
		{72A62890-9738-4964-8465-20313D4D2530}.Debug|Any CPU.Build.0 = Debug|Any CPU
		{72A62890-9738-4964-8465-20313D4D2530}.Release|Any CPU.ActiveCfg = Release|Any CPU
		{72A62890-9738-4964-8465-20313D4D2530}.Release|Any CPU.Build.0 = Release|Any CPU
	EndGlobalSection
	GlobalSection(SolutionProperties) = preSolution
		HideSolutionNode = FALSE
	EndGlobalSection
	GlobalSection(ExtensibilityGlobals) = postSolution
		SolutionGuid = {2A887B3C-5A76-4216-BB10-E95D82529A58}
	EndGlobalSection
EndGlobal
