
Microsoft Visual Studio Solution File, Format Version 12.00
Project("{FAE04EC0-301F-11D3-BF4B-00C04F79EFBC}") = "POTBAG", "POTBAG\POTBAG.csproj", "{410CD87D-8F77-41CD-8648-0DDBBD71A63C}"
EndProject
Global
	GlobalSection(SolutionConfigurationPlatforms) = preSolution
		Debug|Any CPU = Debug|Any CPU
		Release|Any CPU = Release|Any CPU
	EndGlobalSection
	GlobalSection(ProjectConfigurationPlatforms) = postSolution
		{410CD87D-8F77-41CD-8648-0DDBBD71A63C}.Debug|Any CPU.ActiveCfg = Debug|Any CPU
		{410CD87D-8F77-41CD-8648-0DDBBD71A63C}.Debug|Any CPU.Build.0 = Debug|Any CPU
		{410CD87D-8F77-41CD-8648-0DDBBD71A63C}.Release|Any CPU.ActiveCfg = Release|Any CPU
		{410CD87D-8F77-41CD-8648-0DDBBD71A63C}.Release|Any CPU.Build.0 = Release|Any CPU
	EndGlobalSection
EndGlobal
